
Microsoft Visual Studio Solution File, Format Version 12.00
# Visual Studio Version 17
VisualStudioVersion = 17.1.32421.90
MinimumVisualStudioVersion = 10.0.40219.1
Project("{FAE04EC0-301F-11D3-BF4B-00C04F79EFBC}") = "graphQLDemo", "graphQLDemo\graphQLDemo.csproj", "{27185F29-7879-4ED6-9DB2-F91D3FA13878}"
EndProject
Global
	GlobalSection(SolutionConfigurationPlatforms) = preSolution
		Debug|Any CPU = Debug|Any CPU
		Release|Any CPU = Release|Any CPU
	EndGlobalSection
	GlobalSection(ProjectConfigurationPlatforms) = postSolution
		{27185F29-7879-4ED6-9DB2-F91D3FA13878}.Debug|Any CPU.ActiveCfg = Debug|Any CPU
		{27185F29-7879-4ED6-9DB2-F91D3FA13878}.Debug|Any CPU.Build.0 = Debug|Any CPU
		{27185F29-7879-4ED6-9DB2-F91D3FA13878}.Release|Any CPU.ActiveCfg = Release|Any CPU
		{27185F29-7879-4ED6-9DB2-F91D3FA13878}.Release|Any CPU.Build.0 = Release|Any CPU
	EndGlobalSection
	GlobalSection(SolutionProperties) = preSolution
		HideSolutionNode = FALSE
	EndGlobalSection
	GlobalSection(ExtensibilityGlobals) = postSolution
		SolutionGuid = {FA7CF17F-13E2-4F1D-91B7-A2FF60B6DA13}
	EndGlobalSection
EndGlobal
